// !$*UTF8*$!
{
	archiveVersion = 1;
	classes = {
	};
	objectVersion = 46;
	objects = {

/* Begin PBXBuildFile section */
		82927285170DBFA800B70B21 /* UIKit.framework in Frameworks */ = {isa = PBXBuildFile; fileRef = 82927284170DBFA800B70B21 /* UIKit.framework */; };
		82927287170DBFA800B70B21 /* Foundation.framework in Frameworks */ = {isa = PBXBuildFile; fileRef = 82927286170DBFA800B70B21 /* Foundation.framework */; };
		82927289170DBFA800B70B21 /* CoreGraphics.framework in Frameworks */ = {isa = PBXBuildFile; fileRef = 82927288170DBFA800B70B21 /* CoreGraphics.framework */; };
		8292728F170DBFA800B70B21 /* InfoPlist.strings in Resources */ = {isa = PBXBuildFile; fileRef = 8292728D170DBFA800B70B21 /* InfoPlist.strings */; };
		82927291170DBFA800B70B21 /* main.m in Sources */ = {isa = PBXBuildFile; fileRef = 82927290170DBFA800B70B21 /* main.m */; };
		82927295170DBFA800B70B21 /* PAppDelegate.m in Sources */ = {isa = PBXBuildFile; fileRef = 82927294170DBFA800B70B21 /* PAppDelegate.m */; };
		82927297170DBFA800B70B21 /* Default.png in Resources */ = {isa = PBXBuildFile; fileRef = 82927296170DBFA800B70B21 /* Default.png */; };
		82927299170DBFA800B70B21 /* Default@2x.png in Resources */ = {isa = PBXBuildFile; fileRef = 82927298170DBFA800B70B21 /* Default@2x.png */; };
		8292729B170DBFA800B70B21 /* Default-568h@2x.png in Resources */ = {isa = PBXBuildFile; fileRef = 8292729A170DBFA800B70B21 /* Default-568h@2x.png */; };
		8292729E170DBFA800B70B21 /* MainStoryboard.storyboard in Resources */ = {isa = PBXBuildFile; fileRef = 8292729C170DBFA800B70B21 /* MainStoryboard.storyboard */; };
		829272A1170DBFA800B70B21 /* PViewController.m in Sources */ = {isa = PBXBuildFile; fileRef = 829272A0170DBFA800B70B21 /* PViewController.m */; };
/* End PBXBuildFile section */

/* Begin PBXFileReference section */
		82927280170DBFA800B70B21 /* Pok3r.app */ = {isa = PBXFileReference; explicitFileType = wrapper.application; includeInIndex = 0; path = Pok3r.app; sourceTree = BUILT_PRODUCTS_DIR; };
		82927284170DBFA800B70B21 /* UIKit.framework */ = {isa = PBXFileReference; lastKnownFileType = wrapper.framework; name = UIKit.framework; path = System/Library/Frameworks/UIKit.framework; sourceTree = SDKROOT; };
		82927286170DBFA800B70B21 /* Foundation.framework */ = {isa = PBXFileReference; lastKnownFileType = wrapper.framework; name = Foundation.framework; path = System/Library/Frameworks/Foundation.framework; sourceTree = SDKROOT; };
		82927288170DBFA800B70B21 /* CoreGraphics.framework */ = {isa = PBXFileReference; lastKnownFileType = wrapper.framework; name = CoreGraphics.framework; path = System/Library/Frameworks/CoreGraphics.framework; sourceTree = SDKROOT; };
		8292728C170DBFA800B70B21 /* Pok3r-Info.plist */ = {isa = PBXFileReference; lastKnownFileType = text.plist.xml; path = "Pok3r-Info.plist"; sourceTree = "<group>"; };
		8292728E170DBFA800B70B21 /* en */ = {isa = PBXFileReference; lastKnownFileType = text.plist.strings; name = en; path = en.lproj/InfoPlist.strings; sourceTree = "<group>"; };
		82927290170DBFA800B70B21 /* main.m */ = {isa = PBXFileReference; lastKnownFileType = sourcecode.c.objc; path = main.m; sourceTree = "<group>"; };
		82927292170DBFA800B70B21 /* Pok3r-Prefix.pch */ = {isa = PBXFileReference; lastKnownFileType = sourcecode.c.h; path = "Pok3r-Prefix.pch"; sourceTree = "<group>"; };
		82927293170DBFA800B70B21 /* PAppDelegate.h */ = {isa = PBXFileReference; lastKnownFileType = sourcecode.c.h; path = PAppDelegate.h; sourceTree = "<group>"; };
		82927294170DBFA800B70B21 /* PAppDelegate.m */ = {isa = PBXFileReference; lastKnownFileType = sourcecode.c.objc; path = PAppDelegate.m; sourceTree = "<group>"; };
		82927296170DBFA800B70B21 /* Default.png */ = {isa = PBXFileReference; lastKnownFileType = image.png; path = Default.png; sourceTree = "<group>"; };
		82927298170DBFA800B70B21 /* Default@2x.png */ = {isa = PBXFileReference; lastKnownFileType = image.png; path = "Default@2x.png"; sourceTree = "<group>"; };
		8292729A170DBFA800B70B21 /* Default-568h@2x.png */ = {isa = PBXFileReference; lastKnownFileType = image.png; path = "Default-568h@2x.png"; sourceTree = "<group>"; };
		8292729D170DBFA800B70B21 /* en */ = {isa = PBXFileReference; lastKnownFileType = file.storyboard; name = en; path = en.lproj/MainStoryboard.storyboard; sourceTree = "<group>"; };
		8292729F170DBFA800B70B21 /* PViewController.h */ = {isa = PBXFileReference; lastKnownFileType = sourcecode.c.h; path = PViewController.h; sourceTree = "<group>"; };
		829272A0170DBFA800B70B21 /* PViewController.m */ = {isa = PBXFileReference; lastKnownFileType = sourcecode.c.objc; path = PViewController.m; sourceTree = "<group>"; };
/* End PBXFileReference section */

/* Begin PBXFrameworksBuildPhase section */
		8292727D170DBFA800B70B21 /* Frameworks */ = {
			isa = PBXFrameworksBuildPhase;
			buildActionMask = 2147483647;
			files = (
				82927285170DBFA800B70B21 /* UIKit.framework in Frameworks */,
				82927287170DBFA800B70B21 /* Foundation.framework in Frameworks */,
				82927289170DBFA800B70B21 /* CoreGraphics.framework in Frameworks */,
			);
			runOnlyForDeploymentPostprocessing = 0;
		};
/* End PBXFrameworksBuildPhase section */

/* Begin PBXGroup section */
		82927275170DBFA800B70B21 = {
			isa = PBXGroup;
			children = (
				8292728A170DBFA800B70B21 /* Pok3r */,
				82927283170DBFA800B70B21 /* Frameworks */,
				82927281170DBFA800B70B21 /* Products */,
			);
			sourceTree = "<group>";
		};
		82927281170DBFA800B70B21 /* Products */ = {
			isa = PBXGroup;
			children = (
				82927280170DBFA800B70B21 /* Pok3r.app */,
			);
			name = Products;
			sourceTree = "<group>";
		};
		82927283170DBFA800B70B21 /* Frameworks */ = {
			isa = PBXGroup;
			children = (
				82927284170DBFA800B70B21 /* UIKit.framework */,
				82927286170DBFA800B70B21 /* Foundation.framework */,
				82927288170DBFA800B70B21 /* CoreGraphics.framework */,
			);
			name = Frameworks;
			sourceTree = "<group>";
		};
		8292728A170DBFA800B70B21 /* Pok3r */ = {
			isa = PBXGroup;
			children = (
				82927293170DBFA800B70B21 /* PAppDelegate.h */,
				82927294170DBFA800B70B21 /* PAppDelegate.m */,
				8292729C170DBFA800B70B21 /* MainStoryboard.storyboard */,
				8292729F170DBFA800B70B21 /* PViewController.h */,
				829272A0170DBFA800B70B21 /* PViewController.m */,
				8292728B170DBFA800B70B21 /* Supporting Files */,
			);
			path = Pok3r;
			sourceTree = "<group>";
		};
		8292728B170DBFA800B70B21 /* Supporting Files */ = {
			isa = PBXGroup;
			children = (
				8292728C170DBFA800B70B21 /* Pok3r-Info.plist */,
				8292728D170DBFA800B70B21 /* InfoPlist.strings */,
				82927290170DBFA800B70B21 /* main.m */,
				82927292170DBFA800B70B21 /* Pok3r-Prefix.pch */,
				82927296170DBFA800B70B21 /* Default.png */,
				82927298170DBFA800B70B21 /* Default@2x.png */,
				8292729A170DBFA800B70B21 /* Default-568h@2x.png */,
			);
			name = "Supporting Files";
			sourceTree = "<group>";
		};
/* End PBXGroup section */

/* Begin PBXNativeTarget section */
		8292727F170DBFA800B70B21 /* Pok3r */ = {
			isa = PBXNativeTarget;
			buildConfigurationList = 829272A4170DBFA800B70B21 /* Build configuration list for PBXNativeTarget "Pok3r" */;
			buildPhases = (
				8292727C170DBFA800B70B21 /* Sources */,
				8292727D170DBFA800B70B21 /* Frameworks */,
				8292727E170DBFA800B70B21 /* Resources */,
			);
			buildRules = (
			);
			dependencies = (
			);
			name = Pok3r;
			productName = Pok3r;
			productReference = 82927280170DBFA800B70B21 /* Pok3r.app */;
			productType = "com.apple.product-type.application";
		};
/* End PBXNativeTarget section */

/* Begin PBXProject section */
		82927277170DBFA800B70B21 /* Project object */ = {
			isa = PBXProject;
			attributes = {
				CLASSPREFIX = G;
				LastUpgradeCheck = 0450;
				ORGANIZATIONNAME = HHP;
			};
			buildConfigurationList = 8292727A170DBFA800B70B21 /* Build configuration list for PBXProject "Pok3r" */;
			compatibilityVersion = "Xcode 3.2";
			developmentRegion = English;
			hasScannedForEncodings = 0;
			knownRegions = (
				en,
			);
			mainGroup = 82927275170DBFA800B70B21;
			productRefGroup = 82927281170DBFA800B70B21 /* Products */;
			projectDirPath = "";
			projectRoot = "";
			targets = (
				8292727F170DBFA800B70B21 /* Pok3r */,
			);
		};
/* End PBXProject section */

/* Begin PBXResourcesBuildPhase section */
		8292727E170DBFA800B70B21 /* Resources */ = {
			isa = PBXResourcesBuildPhase;
			buildActionMask = 2147483647;
			files = (
				8292728F170DBFA800B70B21 /* InfoPlist.strings in Resources */,
				82927297170DBFA800B70B21 /* Default.png in Resources */,
				82927299170DBFA800B70B21 /* Default@2x.png in Resources */,
				8292729B170DBFA800B70B21 /* Default-568h@2x.png in Resources */,
				8292729E170DBFA800B70B21 /* MainStoryboard.storyboard in Resources */,
			);
			runOnlyForDeploymentPostprocessing = 0;
		};
/* End PBXResourcesBuildPhase section */

/* Begin PBXSourcesBuildPhase section */
		8292727C170DBFA800B70B21 /* Sources */ = {
			isa = PBXSourcesBuildPhase;
			buildActionMask = 2147483647;
			files = (
				82927291170DBFA800B70B21 /* main.m in Sources */,
				82927295170DBFA800B70B21 /* PAppDelegate.m in Sources */,
				829272A1170DBFA800B70B21 /* PViewController.m in Sources */,
			);
			runOnlyForDeploymentPostprocessing = 0;
		};
/* End PBXSourcesBuildPhase section */

/* Begin PBXVariantGroup section */
		8292728D170DBFA800B70B21 /* InfoPlist.strings */ = {
			isa = PBXVariantGroup;
			children = (
				8292728E170DBFA800B70B21 /* en */,
			);
			name = InfoPlist.strings;
			sourceTree = "<group>";
		};
		8292729C170DBFA800B70B21 /* MainStoryboard.storyboard */ = {
			isa = PBXVariantGroup;
			children = (
				8292729D170DBFA800B70B21 /* en */,
			);
			name = MainStoryboard.storyboard;
			sourceTree = "<group>";
		};
/* End PBXVariantGroup section */

/* Begin XCBuildConfiguration section */
		829272A2170DBFA800B70B21 /* Debug */ = {
			isa = XCBuildConfiguration;
			buildSettings = {
				ALWAYS_SEARCH_USER_PATHS = NO;
				CLANG_CXX_LANGUAGE_STANDARD = "gnu++0x";
				CLANG_CXX_LIBRARY = "libc++";
				CLANG_ENABLE_OBJC_ARC = YES;
				CLANG_WARN_EMPTY_BODY = YES;
				CLANG_WARN__DUPLICATE_METHOD_MATCH = YES;
				"CODE_SIGN_IDENTITY[sdk=iphoneos*]" = "iPhone Developer";
				COPY_PHASE_STRIP = NO;
				GCC_C_LANGUAGE_STANDARD = gnu99;
				GCC_DYNAMIC_NO_PIC = NO;
				GCC_OPTIMIZATION_LEVEL = 0;
				GCC_PREPROCESSOR_DEFINITIONS = (
					"DEBUG=1",
					"$(inherited)",
				);
				GCC_SYMBOLS_PRIVATE_EXTERN = NO;
				GCC_WARN_ABOUT_RETURN_TYPE = YES;
				GCC_WARN_UNINITIALIZED_AUTOS = YES;
				GCC_WARN_UNUSED_VARIABLE = YES;
				IPHONEOS_DEPLOYMENT_TARGET = 6.0;
				ONLY_ACTIVE_ARCH = YES;
				SDKROOT = iphoneos;
			};
			name = Debug;
		};
		829272A3170DBFA800B70B21 /* Release */ = {
			isa = XCBuildConfiguration;
			buildSettings = {
				ALWAYS_SEARCH_USER_PATHS = NO;
				CLANG_CXX_LANGUAGE_STANDARD = "gnu++0x";
				CLANG_CXX_LIBRARY = "libc++";
				CLANG_ENABLE_OBJC_ARC = YES;
				CLANG_WARN_EMPTY_BODY = YES;
				CLANG_WARN__DUPLICATE_METHOD_MATCH = YES;
				"CODE_SIGN_IDENTITY[sdk=iphoneos*]" = "iPhone Developer";
				COPY_PHASE_STRIP = YES;
				GCC_C_LANGUAGE_STANDARD = gnu99;
				GCC_WARN_ABOUT_RETURN_TYPE = YES;
				GCC_WARN_UNINITIALIZED_AUTOS = YES;
				GCC_WARN_UNUSED_VARIABLE = YES;
				IPHONEOS_DEPLOYMENT_TARGET = 6.0;
				OTHER_CFLAGS = "-DNS_BLOCK_ASSERTIONS=1";
				SDKROOT = iphoneos;
				VALIDATE_PRODUCT = YES;
			};
			name = Release;
		};
		829272A5170DBFA800B70B21 /* Debug */ = {
			isa = XCBuildConfiguration;
			buildSettings = {
				GCC_PRECOMPILE_PREFIX_HEADER = YES;
				GCC_PREFIX_HEADER = "Pok3r/Pok3r-Prefix.pch";
				INFOPLIST_FILE = "Pok3r/Pok3r-Info.plist";
				PRODUCT_NAME = "$(TARGET_NAME)";
				WRAPPER_EXTENSION = app;
			};
			name = Debug;
		};
		829272A6170DBFA800B70B21 /* Release */ = {
			isa = XCBuildConfiguration;
			buildSettings = {
				GCC_PRECOMPILE_PREFIX_HEADER = YES;
				GCC_PREFIX_HEADER = "Pok3r/Pok3r-Prefix.pch";
				INFOPLIST_FILE = "Pok3r/Pok3r-Info.plist";
				PRODUCT_NAME = "$(TARGET_NAME)";
				WRAPPER_EXTENSION = app;
			};
			name = Release;
		};
/* End XCBuildConfiguration section */

/* Begin XCConfigurationList section */
		8292727A170DBFA800B70B21 /* Build configuration list for PBXProject "Pok3r" */ = {
			isa = XCConfigurationList;
			buildConfigurations = (
				829272A2170DBFA800B70B21 /* Debug */,
				829272A3170DBFA800B70B21 /* Release */,
			);
			defaultConfigurationIsVisible = 0;
			defaultConfigurationName = Release;
		};
		829272A4170DBFA800B70B21 /* Build configuration list for PBXNativeTarget "Pok3r" */ = {
			isa = XCConfigurationList;
			buildConfigurations = (
				829272A5170DBFA800B70B21 /* Debug */,
				829272A6170DBFA800B70B21 /* Release */,
			);
			defaultConfigurationIsVisible = 0;
			defaultConfigurationName = Release;
		};
/* End XCConfigurationList section */
	};
	rootObject = 82927277170DBFA800B70B21 /* Project object */;
}
